
Microsoft Visual Studio Solution File, Format Version 12.00
# Visual Studio Version 16
VisualStudioVersion = 16.0.30804.86
MinimumVisualStudioVersion = 10.0.40219.1
Project("{FAE04EC0-301F-11D3-BF4B-00C04F79EFBC}") = "HotelsHost", "HotelsHost\HotelsHost.csproj", "{C433064F-3177-4F67-B7C5-72175405F988}"
EndProject
Global
	GlobalSection(SolutionConfigurationPlatforms) = preSolution
		Debug|Any CPU = Debug|Any CPU
		Release|Any CPU = Release|Any CPU
	EndGlobalSection
	GlobalSection(ProjectConfigurationPlatforms) = postSolution
		{C433064F-3177-4F67-B7C5-72175405F988}.Debug|Any CPU.ActiveCfg = Debug|Any CPU
		{C433064F-3177-4F67-B7C5-72175405F988}.Debug|Any CPU.Build.0 = Debug|Any CPU
		{C433064F-3177-4F67-B7C5-72175405F988}.Release|Any CPU.ActiveCfg = Release|Any CPU
		{C433064F-3177-4F67-B7C5-72175405F988}.Release|Any CPU.Build.0 = Release|Any CPU
	EndGlobalSection
	GlobalSection(SolutionProperties) = preSolution
		HideSolutionNode = FALSE
	EndGlobalSection
	GlobalSection(ExtensibilityGlobals) = postSolution
		SolutionGuid = {5FBBB8CB-2F1C-46C8-92C9-484F6B8A90FA}
	EndGlobalSection
EndGlobal
